// !$*UTF8*$!
{
	archiveVersion = 1;
	classes = {
	};
	objectVersion = 51;
	objects = {

/* Begin PBXBuildFile section */
		8546B108612069BBFA2DC0E7 /* Pods_SimpleNeteaseMusic.framework in Frameworks */ = {isa = PBXBuildFile; fileRef = 8E7C08FBD078AF7D4FD4A0F4 /* Pods_SimpleNeteaseMusic.framework */; };
		E505EC892665D01900C62819 /* UIImageViewExtension.swift in Sources */ = {isa = PBXBuildFile; fileRef = E505EC882665D01900C62819 /* UIImageViewExtension.swift */; };
		E51802272564F3C20041E813 /* HomeMenu.swift in Sources */ = {isa = PBXBuildFile; fileRef = E51802262564F3C20041E813 /* HomeMenu.swift */; };
		E52429DA2583747700082F48 /* JJCustomSegmentedControl.swift in Sources */ = {isa = PBXBuildFile; fileRef = E52429D92583747700082F48 /* JJCustomSegmentedControl.swift */; };
		E53CBF9F2668D2530065CFB3 /* MusicMLogView.swift in Sources */ = {isa = PBXBuildFile; fileRef = E53CBF9E2668D2530065CFB3 /* MusicMLogView.swift */; };
		E53CBFA32668D35C0065CFB3 /* MusicMLogViewCell.swift in Sources */ = {isa = PBXBuildFile; fileRef = E53CBFA22668D35C0065CFB3 /* MusicMLogViewCell.swift */; };
		E53CBFA72669F65C0065CFB3 /* MusicCalendarView.swift in Sources */ = {isa = PBXBuildFile; fileRef = E53CBFA62669F65C0065CFB3 /* MusicCalendarView.swift */; };
		E53CBFAB2669F67D0065CFB3 /* MusicCalendarCell.swift in Sources */ = {isa = PBXBuildFile; fileRef = E53CBFAA2669F67D0065CFB3 /* MusicCalendarCell.swift */; };
		E547FAB3256F507300F0A5B4 /* CardCollectionView.swift in Sources */ = {isa = PBXBuildFile; fileRef = E547FAB2256F507300F0A5B4 /* CardCollectionView.swift */; };
		E547FAB6256F509700F0A5B4 /* CardViewCell.swift in Sources */ = {isa = PBXBuildFile; fileRef = E547FAB5256F509700F0A5B4 /* CardViewCell.swift */; };
		E547FABA256F50F800F0A5B4 /* JJTableViewHeader.swift in Sources */ = {isa = PBXBuildFile; fileRef = E547FAB9256F50F800F0A5B4 /* JJTableViewHeader.swift */; };
		E54904F8265510B7008C19AC /* StyleRcmdModel.swift in Sources */ = {isa = PBXBuildFile; fileRef = E54904F7265510B7008C19AC /* StyleRcmdModel.swift */; };
		E549050F265513DD008C19AC /* VideoPlaylistModel.swift in Sources */ = {isa = PBXBuildFile; fileRef = E5490508265513DD008C19AC /* VideoPlaylistModel.swift */; };
		E5490510265513DD008C19AC /* MusicMLOGModel.swift in Sources */ = {isa = PBXBuildFile; fileRef = E5490509265513DD008C19AC /* MusicMLOGModel.swift */; };
		E5490511265513DD008C19AC /* MgcPlaylistModel.swift in Sources */ = {isa = PBXBuildFile; fileRef = E549050A265513DD008C19AC /* MgcPlaylistModel.swift */; };
		E5490512265513DD008C19AC /* PlaylistRcmdModel.swift in Sources */ = {isa = PBXBuildFile; fileRef = E549050B265513DD008C19AC /* PlaylistRcmdModel.swift */; };
		E5490513265513DD008C19AC /* MusicCalendarModel.swift in Sources */ = {isa = PBXBuildFile; fileRef = E549050C265513DD008C19AC /* MusicCalendarModel.swift */; };
		E5490515265513DD008C19AC /* OfficialPlaylistModel.swift in Sources */ = {isa = PBXBuildFile; fileRef = E549050E265513DD008C19AC /* OfficialPlaylistModel.swift */; };
		E54905182655156B008C19AC /* AlbumNewSongModel.swift in Sources */ = {isa = PBXBuildFile; fileRef = E54905172655156B008C19AC /* AlbumNewSongModel.swift */; };
		E549051C26551632008C19AC /* VoiceListRcmdModel.swift in Sources */ = {isa = PBXBuildFile; fileRef = E549051B26551632008C19AC /* VoiceListRcmdModel.swift */; };
		E549051F265516D2008C19AC /* Podcast24Model.swift in Sources */ = {isa = PBXBuildFile; fileRef = E549051E265516D2008C19AC /* Podcast24Model.swift */; };
		E54905222656391A008C19AC /* MenusModel.swift in Sources */ = {isa = PBXBuildFile; fileRef = E54905212656391A008C19AC /* MenusModel.swift */; };
		E57D8728250B59680030B0FF /* AppDelegate.swift in Sources */ = {isa = PBXBuildFile; fileRef = E57D8727250B59680030B0FF /* AppDelegate.swift */; };
		E57D872A250B59680030B0FF /* SceneDelegate.swift in Sources */ = {isa = PBXBuildFile; fileRef = E57D8729250B59680030B0FF /* SceneDelegate.swift */; };
		E57D872C250B59680030B0FF /* ViewController.swift in Sources */ = {isa = PBXBuildFile; fileRef = E57D872B250B59680030B0FF /* ViewController.swift */; };
		E57D872F250B59680030B0FF /* Main.storyboard in Resources */ = {isa = PBXBuildFile; fileRef = E57D872D250B59680030B0FF /* Main.storyboard */; };
		E57D8731250B596C0030B0FF /* Assets.xcassets in Resources */ = {isa = PBXBuildFile; fileRef = E57D8730250B596C0030B0FF /* Assets.xcassets */; };
		E57D8734250B596C0030B0FF /* LaunchScreen.storyboard in Resources */ = {isa = PBXBuildFile; fileRef = E57D8732250B596C0030B0FF /* LaunchScreen.storyboard */; };
		E57D873D250B75A00030B0FF /* JJCustomNavigationController.swift in Sources */ = {isa = PBXBuildFile; fileRef = E57D873C250B75A00030B0FF /* JJCustomNavigationController.swift */; };
		E57D873F250B75B70030B0FF /* DiscoveryViewController.swift in Sources */ = {isa = PBXBuildFile; fileRef = E57D873E250B75B70030B0FF /* DiscoveryViewController.swift */; };
		E57D8741250F46D30030B0FF /* ResultContainerViewController.swift in Sources */ = {isa = PBXBuildFile; fileRef = E57D8740250F46D30030B0FF /* ResultContainerViewController.swift */; };
		E57D8743250F6A0F0030B0FF /* JJCustomSearchbar.swift in Sources */ = {isa = PBXBuildFile; fileRef = E57D8742250F6A0F0030B0FF /* JJCustomSearchbar.swift */; };
		E57D8745250F775D0030B0FF /* MusicSearchViewController.swift in Sources */ = {isa = PBXBuildFile; fileRef = E57D8744250F775D0030B0FF /* MusicSearchViewController.swift */; };
		E57D87482511DEC50030B0FF /* Results.swift in Sources */ = {isa = PBXBuildFile; fileRef = E57D87472511DEC50030B0FF /* Results.swift */; };
		E587C46A253697360091747D /* JJNewsBanner.swift in Sources */ = {isa = PBXBuildFile; fileRef = E587C469253697360091747D /* JJNewsBanner.swift */; };
		E587C46D2536E3190091747D /* JJNewsImageViewCell.swift in Sources */ = {isa = PBXBuildFile; fileRef = E587C46C2536E3190091747D /* JJNewsImageViewCell.swift */; };
		E587C4702536F56C0091747D /* JJPageControl.swift in Sources */ = {isa = PBXBuildFile; fileRef = E587C46F2536F56C0091747D /* JJPageControl.swift */; };
		E590C607264D0BE400E15377 /* HomePageModel.swift in Sources */ = {isa = PBXBuildFile; fileRef = E590C606264D0BE400E15377 /* HomePageModel.swift */; };
		E590C63F264E2B6200E15377 /* HomeViewModelSectionType.swift in Sources */ = {isa = PBXBuildFile; fileRef = E590C63D264E2B6200E15377 /* HomeViewModelSectionType.swift */; };
		E590C640264E2B6200E15377 /* HomeViewModeSection.swift in Sources */ = {isa = PBXBuildFile; fileRef = E590C63E264E2B6200E15377 /* HomeViewModeSection.swift */; };
		E590C643264E434300E15377 /* HomeViewModel.swift in Sources */ = {isa = PBXBuildFile; fileRef = E590C642264E434300E15377 /* HomeViewModel.swift */; };
		E590C647264E458200E15377 /* HomeTableViewCell.swift in Sources */ = {isa = PBXBuildFile; fileRef = E590C646264E458200E15377 /* HomeTableViewCell.swift */; };
		E59B0CDB251B160F00BF4E6D /* API.swift in Sources */ = {isa = PBXBuildFile; fileRef = E59B0CDA251B160E00BF4E6D /* API.swift */; };
		E59B0CDD251B162A00BF4E6D /* NetworkManager.swift in Sources */ = {isa = PBXBuildFile; fileRef = E59B0CDC251B162A00BF4E6D /* NetworkManager.swift */; };
		E59B0CDF251B164000BF4E6D /* MoyaConfig.swift in Sources */ = {isa = PBXBuildFile; fileRef = E59B0CDE251B164000BF4E6D /* MoyaConfig.swift */; };
		E5B225572653C6D300A47B5B /* mockdata.json in Resources */ = {isa = PBXBuildFile; fileRef = E5B225562653C6D300A47B5B /* mockdata.json */; };
		E5B2255A2654BDD700A47B5B /* BannerModel.swift in Sources */ = {isa = PBXBuildFile; fileRef = E5B225592654BDD700A47B5B /* BannerModel.swift */; };
		E5D8633B25A8293900A7D455 /* RankModel.swift in Sources */ = {isa = PBXBuildFile; fileRef = E5D8633A25A8293900A7D455 /* RankModel.swift */; };
		E5D8633E25A85DEE00A7D455 /* SongModel.swift in Sources */ = {isa = PBXBuildFile; fileRef = E5D8633D25A85DEE00A7D455 /* SongModel.swift */; };
		E5D8634B25AEA2FF00A7D455 /* PrivateCustomItem.swift in Sources */ = {isa = PBXBuildFile; fileRef = E5D8634A25AEA2FF00A7D455 /* PrivateCustomItem.swift */; };
		E5D8635225AEC1B500A7D455 /* PrivateCustomModel.swift in Sources */ = {isa = PBXBuildFile; fileRef = E5D8635125AEC1B500A7D455 /* PrivateCustomModel.swift */; };
		E5D8635525B18A1200A7D455 /* RowStyleLayout.swift in Sources */ = {isa = PBXBuildFile; fileRef = E5D8635425B18A1200A7D455 /* RowStyleLayout.swift */; };
		E5D8DFCE2574CCB6002DF517 /* UIColorExtension.swift in Sources */ = {isa = PBXBuildFile; fileRef = E5D8DFCD2574CCB6002DF517 /* UIColorExtension.swift */; };
		E5D8E05B25777553002DF517 /* RowStyleCardViewCell.swift in Sources */ = {isa = PBXBuildFile; fileRef = E5D8E05A25777553002DF517 /* RowStyleCardViewCell.swift */; };
		E5D8E0612578925E002DF517 /* NSIntegerExtension.swift in Sources */ = {isa = PBXBuildFile; fileRef = E5D8E0602578925E002DF517 /* NSIntegerExtension.swift */; };
		E5D8E064257895C4002DF517 /* CGFloatExtension.swift in Sources */ = {isa = PBXBuildFile; fileRef = E5D8E063257895C4002DF517 /* CGFloatExtension.swift */; };
		E5D8E068257A0095002DF517 /* PrivateCustomView.swift in Sources */ = {isa = PBXBuildFile; fileRef = E5D8E067257A0095002DF517 /* PrivateCustomView.swift */; };
		E5F941C425A58B7600119D34 /* RankView.swift in Sources */ = {isa = PBXBuildFile; fileRef = E5F941C325A58B7600119D34 /* RankView.swift */; };
		E5F941C825A58D7100119D34 /* RankDetailItem.swift in Sources */ = {isa = PBXBuildFile; fileRef = E5F941C725A58D7100119D34 /* RankDetailItem.swift */; };
		E5F941D025A5922400119D34 /* RowStyleView.swift in Sources */ = {isa = PBXBuildFile; fileRef = E5F941CF25A5922400119D34 /* RowStyleView.swift */; };
		F40F5C872562D0B7006AD685 /* HomeMenuCell.swift in Sources */ = {isa = PBXBuildFile; fileRef = F40F5C862562D0B7006AD685 /* HomeMenuCell.swift */; };
		F42F35A62520F125007EDADD /* NetworkTools.swift in Sources */ = {isa = PBXBuildFile; fileRef = F42F35A52520F125007EDADD /* NetworkTools.swift */; };
		F4D113CF250E00F100860F59 /* JJCustomNavBar.swift in Sources */ = {isa = PBXBuildFile; fileRef = F4D113CE250E00F100860F59 /* JJCustomNavBar.swift */; };
/* End PBXBuildFile section */

/* Begin PBXFileReference section */
		451E2D9D10ADB2AE8D095A14 /* Pods-SimpleNeteaseMusic.debug.xcconfig */ = {isa = PBXFileReference; includeInIndex = 1; lastKnownFileType = text.xcconfig; name = "Pods-SimpleNeteaseMusic.debug.xcconfig"; path = "Target Support Files/Pods-SimpleNeteaseMusic/Pods-SimpleNeteaseMusic.debug.xcconfig"; sourceTree = "<group>"; };
		8E7C08FBD078AF7D4FD4A0F4 /* Pods_SimpleNeteaseMusic.framework */ = {isa = PBXFileReference; explicitFileType = wrapper.framework; includeInIndex = 0; path = Pods_SimpleNeteaseMusic.framework; sourceTree = BUILT_PRODUCTS_DIR; };
		DC267ABAB82621D139665D67 /* Pods-SimpleNeteaseMusic.release.xcconfig */ = {isa = PBXFileReference; includeInIndex = 1; lastKnownFileType = text.xcconfig; name = "Pods-SimpleNeteaseMusic.release.xcconfig"; path = "Target Support Files/Pods-SimpleNeteaseMusic/Pods-SimpleNeteaseMusic.release.xcconfig"; sourceTree = "<group>"; };
		E505EC882665D01900C62819 /* UIImageViewExtension.swift */ = {isa = PBXFileReference; lastKnownFileType = sourcecode.swift; path = UIImageViewExtension.swift; sourceTree = "<group>"; };
		E51802262564F3C20041E813 /* HomeMenu.swift */ = {isa = PBXFileReference; lastKnownFileType = sourcecode.swift; path = HomeMenu.swift; sourceTree = "<group>"; };
		E52429D92583747700082F48 /* JJCustomSegmentedControl.swift */ = {isa = PBXFileReference; lastKnownFileType = sourcecode.swift; path = JJCustomSegmentedControl.swift; sourceTree = "<group>"; };
		E53CBF9E2668D2530065CFB3 /* MusicMLogView.swift */ = {isa = PBXFileReference; lastKnownFileType = sourcecode.swift; path = MusicMLogView.swift; sourceTree = "<group>"; };
		E53CBFA22668D35C0065CFB3 /* MusicMLogViewCell.swift */ = {isa = PBXFileReference; lastKnownFileType = sourcecode.swift; path = MusicMLogViewCell.swift; sourceTree = "<group>"; };
		E53CBFA62669F65C0065CFB3 /* MusicCalendarView.swift */ = {isa = PBXFileReference; lastKnownFileType = sourcecode.swift; path = MusicCalendarView.swift; sourceTree = "<group>"; };
		E53CBFAA2669F67D0065CFB3 /* MusicCalendarCell.swift */ = {isa = PBXFileReference; lastKnownFileType = sourcecode.swift; path = MusicCalendarCell.swift; sourceTree = "<group>"; };
		E547FAB2256F507300F0A5B4 /* CardCollectionView.swift */ = {isa = PBXFileReference; lastKnownFileType = sourcecode.swift; path = CardCollectionView.swift; sourceTree = "<group>"; };
		E547FAB5256F509700F0A5B4 /* CardViewCell.swift */ = {isa = PBXFileReference; lastKnownFileType = sourcecode.swift; path = CardViewCell.swift; sourceTree = "<group>"; };
		E547FAB9256F50F800F0A5B4 /* JJTableViewHeader.swift */ = {isa = PBXFileReference; lastKnownFileType = sourcecode.swift; path = JJTableViewHeader.swift; sourceTree = "<group>"; };
		E54904F7265510B7008C19AC /* StyleRcmdModel.swift */ = {isa = PBXFileReference; lastKnownFileType = sourcecode.swift; path = StyleRcmdModel.swift; sourceTree = "<group>"; };
		E5490508265513DD008C19AC /* VideoPlaylistModel.swift */ = {isa = PBXFileReference; fileEncoding = 4; lastKnownFileType = sourcecode.swift; name = VideoPlaylistModel.swift; path = SimpleNeteaseMusic/Model/VideoPlaylistModel.swift; sourceTree = SOURCE_ROOT; };
		E5490509265513DD008C19AC /* MusicMLOGModel.swift */ = {isa = PBXFileReference; fileEncoding = 4; lastKnownFileType = sourcecode.swift; name = MusicMLOGModel.swift; path = SimpleNeteaseMusic/Model/MusicMLOGModel.swift; sourceTree = SOURCE_ROOT; };
		E549050A265513DD008C19AC /* MgcPlaylistModel.swift */ = {isa = PBXFileReference; fileEncoding = 4; lastKnownFileType = sourcecode.swift; name = MgcPlaylistModel.swift; path = SimpleNeteaseMusic/Model/MgcPlaylistModel.swift; sourceTree = SOURCE_ROOT; };
		E549050B265513DD008C19AC /* PlaylistRcmdModel.swift */ = {isa = PBXFileReference; fileEncoding = 4; lastKnownFileType = sourcecode.swift; name = PlaylistRcmdModel.swift; path = SimpleNeteaseMusic/Model/PlaylistRcmdModel.swift; sourceTree = SOURCE_ROOT; };
		E549050C265513DD008C19AC /* MusicCalendarModel.swift */ = {isa = PBXFileReference; fileEncoding = 4; lastKnownFileType = sourcecode.swift; name = MusicCalendarModel.swift; path = SimpleNeteaseMusic/Model/MusicCalendarModel.swift; sourceTree = SOURCE_ROOT; };
		E549050E265513DD008C19AC /* OfficialPlaylistModel.swift */ = {isa = PBXFileReference; fileEncoding = 4; lastKnownFileType = sourcecode.swift; name = OfficialPlaylistModel.swift; path = SimpleNeteaseMusic/Model/OfficialPlaylistModel.swift; sourceTree = SOURCE_ROOT; };
		E54905172655156B008C19AC /* AlbumNewSongModel.swift */ = {isa = PBXFileReference; lastKnownFileType = sourcecode.swift; path = AlbumNewSongModel.swift; sourceTree = "<group>"; };
		E549051B26551632008C19AC /* VoiceListRcmdModel.swift */ = {isa = PBXFileReference; lastKnownFileType = sourcecode.swift; path = VoiceListRcmdModel.swift; sourceTree = "<group>"; };
		E549051E265516D2008C19AC /* Podcast24Model.swift */ = {isa = PBXFileReference; lastKnownFileType = sourcecode.swift; path = Podcast24Model.swift; sourceTree = "<group>"; };
		E54905212656391A008C19AC /* MenusModel.swift */ = {isa = PBXFileReference; lastKnownFileType = sourcecode.swift; path = MenusModel.swift; sourceTree = "<group>"; };
		E57D8724250B59680030B0FF /* SimpleNeteaseMusic.app */ = {isa = PBXFileReference; explicitFileType = wrapper.application; includeInIndex = 0; path = SimpleNeteaseMusic.app; sourceTree = BUILT_PRODUCTS_DIR; };
		E57D8727250B59680030B0FF /* AppDelegate.swift */ = {isa = PBXFileReference; lastKnownFileType = sourcecode.swift; path = AppDelegate.swift; sourceTree = "<group>"; };
		E57D8729250B59680030B0FF /* SceneDelegate.swift */ = {isa = PBXFileReference; lastKnownFileType = sourcecode.swift; path = SceneDelegate.swift; sourceTree = "<group>"; };
		E57D872B250B59680030B0FF /* ViewController.swift */ = {isa = PBXFileReference; lastKnownFileType = sourcecode.swift; path = ViewController.swift; sourceTree = "<group>"; };
		E57D872E250B59680030B0FF /* Base */ = {isa = PBXFileReference; lastKnownFileType = file.storyboard; name = Base; path = Base.lproj/Main.storyboard; sourceTree = "<group>"; };
		E57D8730250B596C0030B0FF /* Assets.xcassets */ = {isa = PBXFileReference; lastKnownFileType = folder.assetcatalog; path = Assets.xcassets; sourceTree = "<group>"; };
		E57D8733250B596C0030B0FF /* Base */ = {isa = PBXFileReference; lastKnownFileType = file.storyboard; name = Base; path = Base.lproj/LaunchScreen.storyboard; sourceTree = "<group>"; };
		E57D8735250B596C0030B0FF /* Info.plist */ = {isa = PBXFileReference; lastKnownFileType = text.plist.xml; path = Info.plist; sourceTree = "<group>"; };
		E57D873C250B75A00030B0FF /* JJCustomNavigationController.swift */ = {isa = PBXFileReference; lastKnownFileType = sourcecode.swift; path = JJCustomNavigationController.swift; sourceTree = "<group>"; };
		E57D873E250B75B70030B0FF /* DiscoveryViewController.swift */ = {isa = PBXFileReference; lastKnownFileType = sourcecode.swift; path = DiscoveryViewController.swift; sourceTree = "<group>"; };
		E57D8740250F46D30030B0FF /* ResultContainerViewController.swift */ = {isa = PBXFileReference; lastKnownFileType = sourcecode.swift; path = ResultContainerViewController.swift; sourceTree = "<group>"; };
		E57D8742250F6A0F0030B0FF /* JJCustomSearchbar.swift */ = {isa = PBXFileReference; lastKnownFileType = sourcecode.swift; path = JJCustomSearchbar.swift; sourceTree = "<group>"; };
		E57D8744250F775D0030B0FF /* MusicSearchViewController.swift */ = {isa = PBXFileReference; lastKnownFileType = sourcecode.swift; path = MusicSearchViewController.swift; sourceTree = "<group>"; };
		E57D87472511DEC50030B0FF /* Results.swift */ = {isa = PBXFileReference; lastKnownFileType = sourcecode.swift; path = Results.swift; sourceTree = "<group>"; };
		E587C469253697360091747D /* JJNewsBanner.swift */ = {isa = PBXFileReference; lastKnownFileType = sourcecode.swift; path = JJNewsBanner.swift; sourceTree = "<group>"; };
		E587C46C2536E3190091747D /* JJNewsImageViewCell.swift */ = {isa = PBXFileReference; lastKnownFileType = sourcecode.swift; path = JJNewsImageViewCell.swift; sourceTree = "<group>"; };
		E587C46F2536F56C0091747D /* JJPageControl.swift */ = {isa = PBXFileReference; lastKnownFileType = sourcecode.swift; path = JJPageControl.swift; sourceTree = "<group>"; };
		E590C606264D0BE400E15377 /* HomePageModel.swift */ = {isa = PBXFileReference; lastKnownFileType = sourcecode.swift; path = HomePageModel.swift; sourceTree = "<group>"; };
		E590C63D264E2B6200E15377 /* HomeViewModelSectionType.swift */ = {isa = PBXFileReference; fileEncoding = 4; lastKnownFileType = sourcecode.swift; path = HomeViewModelSectionType.swift; sourceTree = "<group>"; };
		E590C63E264E2B6200E15377 /* HomeViewModeSection.swift */ = {isa = PBXFileReference; fileEncoding = 4; lastKnownFileType = sourcecode.swift; path = HomeViewModeSection.swift; sourceTree = "<group>"; };
		E590C642264E434300E15377 /* HomeViewModel.swift */ = {isa = PBXFileReference; lastKnownFileType = sourcecode.swift; path = HomeViewModel.swift; sourceTree = "<group>"; };
		E590C646264E458200E15377 /* HomeTableViewCell.swift */ = {isa = PBXFileReference; lastKnownFileType = sourcecode.swift; path = HomeTableViewCell.swift; sourceTree = "<group>"; };
		E59B0CDA251B160E00BF4E6D /* API.swift */ = {isa = PBXFileReference; lastKnownFileType = sourcecode.swift; path = API.swift; sourceTree = "<group>"; };
		E59B0CDC251B162A00BF4E6D /* NetworkManager.swift */ = {isa = PBXFileReference; lastKnownFileType = sourcecode.swift; path = NetworkManager.swift; sourceTree = "<group>"; };
		E59B0CDE251B164000BF4E6D /* MoyaConfig.swift */ = {isa = PBXFileReference; lastKnownFileType = sourcecode.swift; path = MoyaConfig.swift; sourceTree = "<group>"; };
		E5B225562653C6D300A47B5B /* mockdata.json */ = {isa = PBXFileReference; fileEncoding = 4; lastKnownFileType = text.json; path = mockdata.json; sourceTree = "<group>"; };
		E5B225592654BDD700A47B5B /* BannerModel.swift */ = {isa = PBXFileReference; lastKnownFileType = sourcecode.swift; path = BannerModel.swift; sourceTree = "<group>"; };
		E5D8633A25A8293900A7D455 /* RankModel.swift */ = {isa = PBXFileReference; lastKnownFileType = sourcecode.swift; path = RankModel.swift; sourceTree = "<group>"; };
		E5D8633D25A85DEE00A7D455 /* SongModel.swift */ = {isa = PBXFileReference; lastKnownFileType = sourcecode.swift; path = SongModel.swift; sourceTree = "<group>"; };
		E5D8634A25AEA2FF00A7D455 /* PrivateCustomItem.swift */ = {isa = PBXFileReference; lastKnownFileType = sourcecode.swift; path = PrivateCustomItem.swift; sourceTree = "<group>"; };
		E5D8635125AEC1B500A7D455 /* PrivateCustomModel.swift */ = {isa = PBXFileReference; lastKnownFileType = sourcecode.swift; path = PrivateCustomModel.swift; sourceTree = "<group>"; };
		E5D8635425B18A1200A7D455 /* RowStyleLayout.swift */ = {isa = PBXFileReference; lastKnownFileType = sourcecode.swift; path = RowStyleLayout.swift; sourceTree = "<group>"; };
		E5D8DFCD2574CCB6002DF517 /* UIColorExtension.swift */ = {isa = PBXFileReference; lastKnownFileType = sourcecode.swift; path = UIColorExtension.swift; sourceTree = "<group>"; };
		E5D8E05A25777553002DF517 /* RowStyleCardViewCell.swift */ = {isa = PBXFileReference; lastKnownFileType = sourcecode.swift; path = RowStyleCardViewCell.swift; sourceTree = "<group>"; };
		E5D8E0602578925E002DF517 /* NSIntegerExtension.swift */ = {isa = PBXFileReference; lastKnownFileType = sourcecode.swift; path = NSIntegerExtension.swift; sourceTree = "<group>"; };
		E5D8E063257895C4002DF517 /* CGFloatExtension.swift */ = {isa = PBXFileReference; lastKnownFileType = sourcecode.swift; path = CGFloatExtension.swift; sourceTree = "<group>"; };
		E5D8E067257A0095002DF517 /* PrivateCustomView.swift */ = {isa = PBXFileReference; lastKnownFileType = sourcecode.swift; path = PrivateCustomView.swift; sourceTree = "<group>"; };
		E5F941C325A58B7600119D34 /* RankView.swift */ = {isa = PBXFileReference; lastKnownFileType = sourcecode.swift; path = RankView.swift; sourceTree = "<group>"; };
		E5F941C725A58D7100119D34 /* RankDetailItem.swift */ = {isa = PBXFileReference; lastKnownFileType = sourcecode.swift; path = RankDetailItem.swift; sourceTree = "<group>"; };
		E5F941CF25A5922400119D34 /* RowStyleView.swift */ = {isa = PBXFileReference; lastKnownFileType = sourcecode.swift; path = RowStyleView.swift; sourceTree = "<group>"; };
		F40F5C862562D0B7006AD685 /* HomeMenuCell.swift */ = {isa = PBXFileReference; lastKnownFileType = sourcecode.swift; path = HomeMenuCell.swift; sourceTree = "<group>"; };
		F42F35A52520F125007EDADD /* NetworkTools.swift */ = {isa = PBXFileReference; lastKnownFileType = sourcecode.swift; path = NetworkTools.swift; sourceTree = "<group>"; };
		F4D113CE250E00F100860F59 /* JJCustomNavBar.swift */ = {isa = PBXFileReference; lastKnownFileType = sourcecode.swift; path = JJCustomNavBar.swift; sourceTree = "<group>"; };
/* End PBXFileReference section */

/* Begin PBXFrameworksBuildPhase section */
		E57D8721250B59680030B0FF /* Frameworks */ = {
			isa = PBXFrameworksBuildPhase;
			buildActionMask = 2147483647;
			files = (
				8546B108612069BBFA2DC0E7 /* Pods_SimpleNeteaseMusic.framework in Frameworks */,
			);
			runOnlyForDeploymentPostprocessing = 0;
		};
/* End PBXFrameworksBuildPhase section */

/* Begin PBXGroup section */
		123442FDC851E038F4F5970A /* Frameworks */ = {
			isa = PBXGroup;
			children = (
				8E7C08FBD078AF7D4FD4A0F4 /* Pods_SimpleNeteaseMusic.framework */,
			);
			name = Frameworks;
			sourceTree = "<group>";
		};
		1DEC8E36DF2E5382A632D7ED /* Pods */ = {
			isa = PBXGroup;
			children = (
				451E2D9D10ADB2AE8D095A14 /* Pods-SimpleNeteaseMusic.debug.xcconfig */,
				DC267ABAB82621D139665D67 /* Pods-SimpleNeteaseMusic.release.xcconfig */,
			);
			path = Pods;
			sourceTree = "<group>";
		};
		E53CBF9D2668D2120065CFB3 /* MusicMLog */ = {
			isa = PBXGroup;
			children = (
				E53CBF9E2668D2530065CFB3 /* MusicMLogView.swift */,
				E53CBFA22668D35C0065CFB3 /* MusicMLogViewCell.swift */,
			);
			path = MusicMLog;
			sourceTree = "<group>";
		};
		E53CBFA52669F6050065CFB3 /* MusicCalendar */ = {
			isa = PBXGroup;
			children = (
				E53CBFA62669F65C0065CFB3 /* MusicCalendarView.swift */,
				E53CBFAA2669F67D0065CFB3 /* MusicCalendarCell.swift */,
			);
			path = MusicCalendar;
			sourceTree = "<group>";
		};
		E53CBFAE266A2EA90065CFB3 /* NewAlbums */ = {
			isa = PBXGroup;
			children = (
			);
			path = NewAlbums;
			sourceTree = "<group>";
		};
		E53CBFAF266A2EC00065CFB3 /* Default */ = {
			isa = PBXGroup;
			children = (
			);
			path = Default;
			sourceTree = "<group>";
		};
		E547FAB1256F500600F0A5B4 /* CardView */ = {
			isa = PBXGroup;
			children = (
				E53CBFAF266A2EC00065CFB3 /* Default */,
				E53CBFAE266A2EA90065CFB3 /* NewAlbums */,
				E53CBFA52669F6050065CFB3 /* MusicCalendar */,
				E53CBF9D2668D2120065CFB3 /* MusicMLog */,
				E547FAB2256F507300F0A5B4 /* CardCollectionView.swift */,
				E547FAB5256F509700F0A5B4 /* CardViewCell.swift */,
				E5D8E05A25777553002DF517 /* RowStyleCardViewCell.swift */,
				E5D8E067257A0095002DF517 /* PrivateCustomView.swift */,
				E5D8634A25AEA2FF00A7D455 /* PrivateCustomItem.swift */,
			);
			path = CardView;
			sourceTree = "<group>";
		};
		E547FAB8256F50AE00F0A5B4 /* CustomHeader */ = {
			isa = PBXGroup;
			children = (
				E547FAB9256F50F800F0A5B4 /* JJTableViewHeader.swift */,
				E52429D92583747700082F48 /* JJCustomSegmentedControl.swift */,
			);
			path = CustomHeader;
			sourceTree = "<group>";
		};
		E57D871B250B59680030B0FF = {
			isa = PBXGroup;
			children = (
				E57D8726250B59680030B0FF /* SimpleNeteaseMusic */,
				E57D8725250B59680030B0FF /* Products */,
				1DEC8E36DF2E5382A632D7ED /* Pods */,
				123442FDC851E038F4F5970A /* Frameworks */,
			);
			sourceTree = "<group>";
		};
		E57D8725250B59680030B0FF /* Products */ = {
			isa = PBXGroup;
			children = (
				E57D8724250B59680030B0FF /* SimpleNeteaseMusic.app */,
			);
			name = Products;
			sourceTree = "<group>";
		};
		E57D8726250B59680030B0FF /* SimpleNeteaseMusic */ = {
			isa = PBXGroup;
			children = (
				E590C604264D036E00E15377 /* ViewModel */,
				E59B0CD9251B15F200BF4E6D /* Util */,
				E5CEFB22251491AD007B6E0E /* Config */,
				E57D87462511DE890030B0FF /* Model */,
				E57D873B250B752C0030B0FF /* ViewController */,
				E57D8727250B59680030B0FF /* AppDelegate.swift */,
				E57D8729250B59680030B0FF /* SceneDelegate.swift */,
				E57D872B250B59680030B0FF /* ViewController.swift */,
				E57D872D250B59680030B0FF /* Main.storyboard */,
				E57D8730250B596C0030B0FF /* Assets.xcassets */,
				E57D8732250B596C0030B0FF /* LaunchScreen.storyboard */,
				E57D8735250B596C0030B0FF /* Info.plist */,
			);
			path = SimpleNeteaseMusic;
			sourceTree = "<group>";
		};
		E57D873B250B752C0030B0FF /* ViewController */ = {
			isa = PBXGroup;
			children = (
				E587C408252480400091747D /* SubVIew */,
				F4D113CD250E00C700860F59 /* CustomView */,
				E57D873C250B75A00030B0FF /* JJCustomNavigationController.swift */,
				E57D873E250B75B70030B0FF /* DiscoveryViewController.swift */,
				E57D8744250F775D0030B0FF /* MusicSearchViewController.swift */,
				E57D8740250F46D30030B0FF /* ResultContainerViewController.swift */,
			);
			path = ViewController;
			sourceTree = "<group>";
		};
		E57D87462511DE890030B0FF /* Model */ = {
			isa = PBXGroup;
			children = (
				E590C605264D0BC300E15377 /* Home */,
				E57D87472511DEC50030B0FF /* Results.swift */,
				E5D8633A25A8293900A7D455 /* RankModel.swift */,
				E5D8633D25A85DEE00A7D455 /* SongModel.swift */,
				E5D8635125AEC1B500A7D455 /* PrivateCustomModel.swift */,
			);
			path = Model;
			sourceTree = "<group>";
		};
		E587C408252480400091747D /* SubVIew */ = {
			isa = PBXGroup;
			children = (
				E590C645264E453800E15377 /* Cell */,
				E5F941CE25A591F200119D34 /* Common */,
				E5F941C225A58B1100119D34 /* Rank */,
				E547FAB8256F50AE00F0A5B4 /* CustomHeader */,
				E547FAB1256F500600F0A5B4 /* CardView */,
				F40F5C852562D089006AD685 /* Menu */,
				E587C467253696770091747D /* Banner */,
			);
			path = SubVIew;
			sourceTree = "<group>";
		};
		E587C467253696770091747D /* Banner */ = {
			isa = PBXGroup;
			children = (
				E587C469253697360091747D /* JJNewsBanner.swift */,
				E587C46C2536E3190091747D /* JJNewsImageViewCell.swift */,
				E587C46F2536F56C0091747D /* JJPageControl.swift */,
			);
			path = Banner;
			sourceTree = "<group>";
		};
		E590C604264D036E00E15377 /* ViewModel */ = {
			isa = PBXGroup;
			children = (
				E590C63D264E2B6200E15377 /* HomeViewModelSectionType.swift */,
				E590C63E264E2B6200E15377 /* HomeViewModeSection.swift */,
				E590C642264E434300E15377 /* HomeViewModel.swift */,
			);
			path = ViewModel;
			sourceTree = "<group>";
		};
		E590C605264D0BC300E15377 /* Home */ = {
			isa = PBXGroup;
			children = (
				E549050A265513DD008C19AC /* MgcPlaylistModel.swift */,
				E549050C265513DD008C19AC /* MusicCalendarModel.swift */,
				E5490509265513DD008C19AC /* MusicMLOGModel.swift */,
				E549050E265513DD008C19AC /* OfficialPlaylistModel.swift */,
				E549050B265513DD008C19AC /* PlaylistRcmdModel.swift */,
				E5490508265513DD008C19AC /* VideoPlaylistModel.swift */,
				E590C606264D0BE400E15377 /* HomePageModel.swift */,
				E5B225592654BDD700A47B5B /* BannerModel.swift */,
				E54904F7265510B7008C19AC /* StyleRcmdModel.swift */,
				E54905172655156B008C19AC /* AlbumNewSongModel.swift */,
				E549051B26551632008C19AC /* VoiceListRcmdModel.swift */,
				E549051E265516D2008C19AC /* Podcast24Model.swift */,
				E54905212656391A008C19AC /* MenusModel.swift */,
			);
			path = Home;
			sourceTree = "<group>";
		};
		E590C645264E453800E15377 /* Cell */ = {
			isa = PBXGroup;
			children = (
				E590C646264E458200E15377 /* HomeTableViewCell.swift */,
			);
			path = Cell;
			sourceTree = "<group>";
		};
		E59B0CD9251B15F200BF4E6D /* Util */ = {
			isa = PBXGroup;
			children = (
				E59B0CDA251B160E00BF4E6D /* API.swift */,
				E59B0CDC251B162A00BF4E6D /* NetworkManager.swift */,
				E59B0CDE251B164000BF4E6D /* MoyaConfig.swift */,
				F42F35A52520F125007EDADD /* NetworkTools.swift */,
				E5D8DFCD2574CCB6002DF517 /* UIColorExtension.swift */,
				E5D8E0602578925E002DF517 /* NSIntegerExtension.swift */,
				E5D8E063257895C4002DF517 /* CGFloatExtension.swift */,
				E505EC882665D01900C62819 /* UIImageViewExtension.swift */,
			);
			path = Util;
			sourceTree = "<group>";
		};
		E5CEFB22251491AD007B6E0E /* Config */ = {
			isa = PBXGroup;
			children = (
				E5B225562653C6D300A47B5B /* mockdata.json */,
			);
			path = Config;
			sourceTree = "<group>";
		};
		E5F941C225A58B1100119D34 /* Rank */ = {
			isa = PBXGroup;
			children = (
				E5F941C325A58B7600119D34 /* RankView.swift */,
				E5F941C725A58D7100119D34 /* RankDetailItem.swift */,
			);
			path = Rank;
			sourceTree = "<group>";
		};
		E5F941CE25A591F200119D34 /* Common */ = {
			isa = PBXGroup;
			children = (
				E5F941CF25A5922400119D34 /* RowStyleView.swift */,
				E5D8635425B18A1200A7D455 /* RowStyleLayout.swift */,
			);
			path = Common;
			sourceTree = "<group>";
		};
		F40F5C852562D089006AD685 /* Menu */ = {
			isa = PBXGroup;
			children = (
				F40F5C862562D0B7006AD685 /* HomeMenuCell.swift */,
				E51802262564F3C20041E813 /* HomeMenu.swift */,
			);
			path = Menu;
			sourceTree = "<group>";
		};
		F4D113CD250E00C700860F59 /* CustomView */ = {
			isa = PBXGroup;
			children = (
				F4D113CE250E00F100860F59 /* JJCustomNavBar.swift */,
				E57D8742250F6A0F0030B0FF /* JJCustomSearchbar.swift */,
			);
			path = CustomView;
			sourceTree = "<group>";
		};
/* End PBXGroup section */

/* Begin PBXNativeTarget section */
		E57D8723250B59680030B0FF /* SimpleNeteaseMusic */ = {
			isa = PBXNativeTarget;
			buildConfigurationList = E57D8738250B596C0030B0FF /* Build configuration list for PBXNativeTarget "SimpleNeteaseMusic" */;
			buildPhases = (
				0F1C1708238C9E37E69DD217 /* [CP] Check Pods Manifest.lock */,
				E57D8720250B59680030B0FF /* Sources */,
				E57D8721250B59680030B0FF /* Frameworks */,
				E57D8722250B59680030B0FF /* Resources */,
				8A3A8E88EFF91E5294180224 /* [CP] Embed Pods Frameworks */,
			);
			buildRules = (
			);
			dependencies = (
			);
			name = SimpleNeteaseMusic;
			productName = SimpleNeteaseMusic;
			productReference = E57D8724250B59680030B0FF /* SimpleNeteaseMusic.app */;
			productType = "com.apple.product-type.application";
		};
/* End PBXNativeTarget section */

/* Begin PBXProject section */
		E57D871C250B59680030B0FF /* Project object */ = {
			isa = PBXProject;
			attributes = {
				LastSwiftUpdateCheck = 1160;
				LastUpgradeCheck = 1160;
				ORGANIZATIONNAME = shenjie;
				TargetAttributes = {
					E57D8723250B59680030B0FF = {
						CreatedOnToolsVersion = 11.6;
					};
				};
			};
			buildConfigurationList = E57D871F250B59680030B0FF /* Build configuration list for PBXProject "SimpleNeteaseMusic" */;
			compatibilityVersion = "Xcode 9.3";
			developmentRegion = en;
			hasScannedForEncodings = 0;
			knownRegions = (
				en,
				Base,
			);
			mainGroup = E57D871B250B59680030B0FF;
			productRefGroup = E57D8725250B59680030B0FF /* Products */;
			projectDirPath = "";
			projectRoot = "";
			targets = (
				E57D8723250B59680030B0FF /* SimpleNeteaseMusic */,
			);
		};
/* End PBXProject section */

/* Begin PBXResourcesBuildPhase section */
		E57D8722250B59680030B0FF /* Resources */ = {
			isa = PBXResourcesBuildPhase;
			buildActionMask = 2147483647;
			files = (
				E57D8734250B596C0030B0FF /* LaunchScreen.storyboard in Resources */,
				E5B225572653C6D300A47B5B /* mockdata.json in Resources */,
				E57D8731250B596C0030B0FF /* Assets.xcassets in Resources */,
				E57D872F250B59680030B0FF /* Main.storyboard in Resources */,
			);
			runOnlyForDeploymentPostprocessing = 0;
		};
/* End PBXResourcesBuildPhase section */

/* Begin PBXShellScriptBuildPhase section */
		0F1C1708238C9E37E69DD217 /* [CP] Check Pods Manifest.lock */ = {
			isa = PBXShellScriptBuildPhase;
			buildActionMask = 2147483647;
			files = (
			);
			inputFileListPaths = (
			);
			inputPaths = (
				"${PODS_PODFILE_DIR_PATH}/Podfile.lock",
				"${PODS_ROOT}/Manifest.lock",
			);
			name = "[CP] Check Pods Manifest.lock";
			outputFileListPaths = (
			);
			outputPaths = (
				"$(DERIVED_FILE_DIR)/Pods-SimpleNeteaseMusic-checkManifestLockResult.txt",
			);
			runOnlyForDeploymentPostprocessing = 0;
			shellPath = /bin/sh;
			shellScript = "diff \"${PODS_PODFILE_DIR_PATH}/Podfile.lock\" \"${PODS_ROOT}/Manifest.lock\" > /dev/null\nif [ $? != 0 ] ; then\n    # print error to STDERR\n    echo \"error: The sandbox is not in sync with the Podfile.lock. Run 'pod install' or update your CocoaPods installation.\" >&2\n    exit 1\nfi\n# This output is used by Xcode 'outputs' to avoid re-running this script phase.\necho \"SUCCESS\" > \"${SCRIPT_OUTPUT_FILE_0}\"\n";
			showEnvVarsInLog = 0;
		};
		8A3A8E88EFF91E5294180224 /* [CP] Embed Pods Frameworks */ = {
			isa = PBXShellScriptBuildPhase;
			buildActionMask = 2147483647;
			files = (
			);
			inputFileListPaths = (
				"${PODS_ROOT}/Target Support Files/Pods-SimpleNeteaseMusic/Pods-SimpleNeteaseMusic-frameworks-${CONFIGURATION}-input-files.xcfilelist",
			);
			name = "[CP] Embed Pods Frameworks";
			outputFileListPaths = (
				"${PODS_ROOT}/Target Support Files/Pods-SimpleNeteaseMusic/Pods-SimpleNeteaseMusic-frameworks-${CONFIGURATION}-output-files.xcfilelist",
			);
			runOnlyForDeploymentPostprocessing = 0;
			shellPath = /bin/sh;
			shellScript = "\"${PODS_ROOT}/Target Support Files/Pods-SimpleNeteaseMusic/Pods-SimpleNeteaseMusic-frameworks.sh\"\n";
			showEnvVarsInLog = 0;
		};
/* End PBXShellScriptBuildPhase section */

/* Begin PBXSourcesBuildPhase section */
		E57D8720250B59680030B0FF /* Sources */ = {
			isa = PBXSourcesBuildPhase;
			buildActionMask = 2147483647;
			files = (
				E5490510265513DD008C19AC /* MusicMLOGModel.swift in Sources */,
				E587C4702536F56C0091747D /* JJPageControl.swift in Sources */,
				F42F35A62520F125007EDADD /* NetworkTools.swift in Sources */,
				E5B2255A2654BDD700A47B5B /* BannerModel.swift in Sources */,
				E547FABA256F50F800F0A5B4 /* JJTableViewHeader.swift in Sources */,
				E5490513265513DD008C19AC /* MusicCalendarModel.swift in Sources */,
				E59B0CDD251B162A00BF4E6D /* NetworkManager.swift in Sources */,
				E59B0CDB251B160F00BF4E6D /* API.swift in Sources */,
				E5D8635525B18A1200A7D455 /* RowStyleLayout.swift in Sources */,
				E590C640264E2B6200E15377 /* HomeViewModeSection.swift in Sources */,
				E57D873D250B75A00030B0FF /* JJCustomNavigationController.swift in Sources */,
				E5D8633E25A85DEE00A7D455 /* SongModel.swift in Sources */,
				E54905222656391A008C19AC /* MenusModel.swift in Sources */,
				E587C46A253697360091747D /* JJNewsBanner.swift in Sources */,
				E5D8634B25AEA2FF00A7D455 /* PrivateCustomItem.swift in Sources */,
				E5D8E05B25777553002DF517 /* RowStyleCardViewCell.swift in Sources */,
				E57D872C250B59680030B0FF /* ViewController.swift in Sources */,
				E590C607264D0BE400E15377 /* HomePageModel.swift in Sources */,
				E590C63F264E2B6200E15377 /* HomeViewModelSectionType.swift in Sources */,
				E57D8728250B59680030B0FF /* AppDelegate.swift in Sources */,
				E57D872A250B59680030B0FF /* SceneDelegate.swift in Sources */,
				E57D87482511DEC50030B0FF /* Results.swift in Sources */,
				E53CBFAB2669F67D0065CFB3 /* MusicCalendarCell.swift in Sources */,
				E590C647264E458200E15377 /* HomeTableViewCell.swift in Sources */,
				E5D8633B25A8293900A7D455 /* RankModel.swift in Sources */,
				E53CBF9F2668D2530065CFB3 /* MusicMLogView.swift in Sources */,
				E54905182655156B008C19AC /* AlbumNewSongModel.swift in Sources */,
				E547FAB3256F507300F0A5B4 /* CardCollectionView.swift in Sources */,
				E57D8743250F6A0F0030B0FF /* JJCustomSearchbar.swift in Sources */,
				E5F941C425A58B7600119D34 /* RankView.swift in Sources */,
				E53CBFA32668D35C0065CFB3 /* MusicMLogViewCell.swift in Sources */,
				E549051C26551632008C19AC /* VoiceListRcmdModel.swift in Sources */,
				E5490511265513DD008C19AC /* MgcPlaylistModel.swift in Sources */,
				E5D8635225AEC1B500A7D455 /* PrivateCustomModel.swift in Sources */,
				E53CBFA72669F65C0065CFB3 /* MusicCalendarView.swift in Sources */,
				E5D8E064257895C4002DF517 /* CGFloatExtension.swift in Sources */,
				E59B0CDF251B164000BF4E6D /* MoyaConfig.swift in Sources */,
				E5D8E068257A0095002DF517 /* PrivateCustomView.swift in Sources */,
				E549050F265513DD008C19AC /* VideoPlaylistModel.swift in Sources */,
				E5F941D025A5922400119D34 /* RowStyleView.swift in Sources */,
				E547FAB6256F509700F0A5B4 /* CardViewCell.swift in Sources */,
				E57D8741250F46D30030B0FF /* ResultContainerViewController.swift in Sources */,
				E5D8DFCE2574CCB6002DF517 /* UIColorExtension.swift in Sources */,
				E54904F8265510B7008C19AC /* StyleRcmdModel.swift in Sources */,
				F40F5C872562D0B7006AD685 /* HomeMenuCell.swift in Sources */,
				E549051F265516D2008C19AC /* Podcast24Model.swift in Sources */,
				E51802272564F3C20041E813 /* HomeMenu.swift in Sources */,
				E52429DA2583747700082F48 /* JJCustomSegmentedControl.swift in Sources */,
				F4D113CF250E00F100860F59 /* JJCustomNavBar.swift in Sources */,
				E5D8E0612578925E002DF517 /* NSIntegerExtension.swift in Sources */,
				E587C46D2536E3190091747D /* JJNewsImageViewCell.swift in Sources */,
				E5490515265513DD008C19AC /* OfficialPlaylistModel.swift in Sources */,
				E590C643264E434300E15377 /* HomeViewModel.swift in Sources */,
				E505EC892665D01900C62819 /* UIImageViewExtension.swift in Sources */,
				E57D8745250F775D0030B0FF /* MusicSearchViewController.swift in Sources */,
				E5F941C825A58D7100119D34 /* RankDetailItem.swift in Sources */,
				E57D873F250B75B70030B0FF /* DiscoveryViewController.swift in Sources */,
				E5490512265513DD008C19AC /* PlaylistRcmdModel.swift in Sources */,
			);
			runOnlyForDeploymentPostprocessing = 0;
		};
/* End PBXSourcesBuildPhase section */

/* Begin PBXVariantGroup section */
		E57D872D250B59680030B0FF /* Main.storyboard */ = {
			isa = PBXVariantGroup;
			children = (
				E57D872E250B59680030B0FF /* Base */,
			);
			name = Main.storyboard;
			sourceTree = "<group>";
		};
		E57D8732250B596C0030B0FF /* LaunchScreen.storyboard */ = {
			isa = PBXVariantGroup;
			children = (
				E57D8733250B596C0030B0FF /* Base */,
			);
			name = LaunchScreen.storyboard;
			sourceTree = "<group>";
		};
/* End PBXVariantGroup section */

/* Begin XCBuildConfiguration section */
		E57D8736250B596C0030B0FF /* Debug */ = {
			isa = XCBuildConfiguration;
			buildSettings = {
				ALWAYS_SEARCH_USER_PATHS = NO;
				CLANG_ANALYZER_NONNULL = YES;
				CLANG_ANALYZER_NUMBER_OBJECT_CONVERSION = YES_AGGRESSIVE;
				CLANG_CXX_LANGUAGE_STANDARD = "gnu++14";
				CLANG_CXX_LIBRARY = "libc++";
				CLANG_ENABLE_MODULES = YES;
				CLANG_ENABLE_OBJC_ARC = YES;
				CLANG_ENABLE_OBJC_WEAK = YES;
				CLANG_WARN_BLOCK_CAPTURE_AUTORELEASING = YES;
				CLANG_WARN_BOOL_CONVERSION = YES;
				CLANG_WARN_COMMA = YES;
				CLANG_WARN_CONSTANT_CONVERSION = YES;
				CLANG_WARN_DEPRECATED_OBJC_IMPLEMENTATIONS = YES;
				CLANG_WARN_DIRECT_OBJC_ISA_USAGE = YES_ERROR;
				CLANG_WARN_DOCUMENTATION_COMMENTS = YES;
				CLANG_WARN_EMPTY_BODY = YES;
				CLANG_WARN_ENUM_CONVERSION = YES;
				CLANG_WARN_INFINITE_RECURSION = YES;
				CLANG_WARN_INT_CONVERSION = YES;
				CLANG_WARN_NON_LITERAL_NULL_CONVERSION = YES;
				CLANG_WARN_OBJC_IMPLICIT_RETAIN_SELF = YES;
				CLANG_WARN_OBJC_LITERAL_CONVERSION = YES;
				CLANG_WARN_OBJC_ROOT_CLASS = YES_ERROR;
				CLANG_WARN_RANGE_LOOP_ANALYSIS = YES;
				CLANG_WARN_STRICT_PROTOTYPES = YES;
				CLANG_WARN_SUSPICIOUS_MOVE = YES;
				CLANG_WARN_UNGUARDED_AVAILABILITY = YES_AGGRESSIVE;
				CLANG_WARN_UNREACHABLE_CODE = YES;
				CLANG_WARN__DUPLICATE_METHOD_MATCH = YES;
				COPY_PHASE_STRIP = NO;
				DEBUG_INFORMATION_FORMAT = dwarf;
				ENABLE_STRICT_OBJC_MSGSEND = YES;
				ENABLE_TESTABILITY = YES;
				GCC_C_LANGUAGE_STANDARD = gnu11;
				GCC_DYNAMIC_NO_PIC = NO;
				GCC_NO_COMMON_BLOCKS = YES;
				GCC_OPTIMIZATION_LEVEL = 0;
				GCC_PREPROCESSOR_DEFINITIONS = (
					"DEBUG=1",
					"$(inherited)",
				);
				GCC_WARN_64_TO_32_BIT_CONVERSION = YES;
				GCC_WARN_ABOUT_RETURN_TYPE = YES_ERROR;
				GCC_WARN_UNDECLARED_SELECTOR = YES;
				GCC_WARN_UNINITIALIZED_AUTOS = YES_AGGRESSIVE;
				GCC_WARN_UNUSED_FUNCTION = YES;
				GCC_WARN_UNUSED_VARIABLE = YES;
				IPHONEOS_DEPLOYMENT_TARGET = 14.0;
				MTL_ENABLE_DEBUG_INFO = INCLUDE_SOURCE;
				MTL_FAST_MATH = YES;
				ONLY_ACTIVE_ARCH = YES;
				SDKROOT = iphoneos;
				SWIFT_ACTIVE_COMPILATION_CONDITIONS = DEBUG;
				SWIFT_OPTIMIZATION_LEVEL = "-Onone";
			};
			name = Debug;
		};
		E57D8737250B596C0030B0FF /* Release */ = {
			isa = XCBuildConfiguration;
			buildSettings = {
				ALWAYS_SEARCH_USER_PATHS = NO;
				CLANG_ANALYZER_NONNULL = YES;
				CLANG_ANALYZER_NUMBER_OBJECT_CONVERSION = YES_AGGRESSIVE;
				CLANG_CXX_LANGUAGE_STANDARD = "gnu++14";
				CLANG_CXX_LIBRARY = "libc++";
				CLANG_ENABLE_MODULES = YES;
				CLANG_ENABLE_OBJC_ARC = YES;
				CLANG_ENABLE_OBJC_WEAK = YES;
				CLANG_WARN_BLOCK_CAPTURE_AUTORELEASING = YES;
				CLANG_WARN_BOOL_CONVERSION = YES;
				CLANG_WARN_COMMA = YES;
				CLANG_WARN_CONSTANT_CONVERSION = YES;
				CLANG_WARN_DEPRECATED_OBJC_IMPLEMENTATIONS = YES;
				CLANG_WARN_DIRECT_OBJC_ISA_USAGE = YES_ERROR;
				CLANG_WARN_DOCUMENTATION_COMMENTS = YES;
				CLANG_WARN_EMPTY_BODY = YES;
				CLANG_WARN_ENUM_CONVERSION = YES;
				CLANG_WARN_INFINITE_RECURSION = YES;
				CLANG_WARN_INT_CONVERSION = YES;
				CLANG_WARN_NON_LITERAL_NULL_CONVERSION = YES;
				CLANG_WARN_OBJC_IMPLICIT_RETAIN_SELF = YES;
				CLANG_WARN_OBJC_LITERAL_CONVERSION = YES;
				CLANG_WARN_OBJC_ROOT_CLASS = YES_ERROR;
				CLANG_WARN_RANGE_LOOP_ANALYSIS = YES;
				CLANG_WARN_STRICT_PROTOTYPES = YES;
				CLANG_WARN_SUSPICIOUS_MOVE = YES;
				CLANG_WARN_UNGUARDED_AVAILABILITY = YES_AGGRESSIVE;
				CLANG_WARN_UNREACHABLE_CODE = YES;
				CLANG_WARN__DUPLICATE_METHOD_MATCH = YES;
				COPY_PHASE_STRIP = NO;
				DEBUG_INFORMATION_FORMAT = "dwarf-with-dsym";
				ENABLE_NS_ASSERTIONS = NO;
				ENABLE_STRICT_OBJC_MSGSEND = YES;
				GCC_C_LANGUAGE_STANDARD = gnu11;
				GCC_NO_COMMON_BLOCKS = YES;
				GCC_WARN_64_TO_32_BIT_CONVERSION = YES;
				GCC_WARN_ABOUT_RETURN_TYPE = YES_ERROR;
				GCC_WARN_UNDECLARED_SELECTOR = YES;
				GCC_WARN_UNINITIALIZED_AUTOS = YES_AGGRESSIVE;
				GCC_WARN_UNUSED_FUNCTION = YES;
				GCC_WARN_UNUSED_VARIABLE = YES;
				IPHONEOS_DEPLOYMENT_TARGET = 14.0;
				MTL_ENABLE_DEBUG_INFO = NO;
				MTL_FAST_MATH = YES;
				SDKROOT = iphoneos;
				SWIFT_COMPILATION_MODE = wholemodule;
				SWIFT_OPTIMIZATION_LEVEL = "-O";
				VALIDATE_PRODUCT = YES;
			};
			name = Release;
		};
		E57D8739250B596C0030B0FF /* Debug */ = {
			isa = XCBuildConfiguration;
			baseConfigurationReference = 451E2D9D10ADB2AE8D095A14 /* Pods-SimpleNeteaseMusic.debug.xcconfig */;
			buildSettings = {
				ASSETCATALOG_COMPILER_APPICON_NAME = AppIcon;
				CODE_SIGN_IDENTITY = "iPhone Developer";
				CODE_SIGN_STYLE = Manual;
				DEVELOPMENT_TEAM = WSSN499SLU;
				INFOPLIST_FILE = SimpleNeteaseMusic/Info.plist;
				LD_RUNPATH_SEARCH_PATHS = (
					"$(inherited)",
					"@executable_path/Frameworks",
				);
				PRODUCT_BUNDLE_IDENTIFIER = com.snailgames.MobileSDKDemo;
				PRODUCT_NAME = "$(TARGET_NAME)";
				PROVISIONING_PROFILE_SPECIFIER = UniversialDev;
				SWIFT_VERSION = 5.0;
				TARGETED_DEVICE_FAMILY = "1,2";
			};
			name = Debug;
		};
		E57D873A250B596C0030B0FF /* Release */ = {
			isa = XCBuildConfiguration;
			baseConfigurationReference = DC267ABAB82621D139665D67 /* Pods-SimpleNeteaseMusic.release.xcconfig */;
			buildSettings = {
				ASSETCATALOG_COMPILER_APPICON_NAME = AppIcon;
				CODE_SIGN_IDENTITY = "iPhone Distribution";
				CODE_SIGN_STYLE = Manual;
				DEVELOPMENT_TEAM = 8SRP47XFRN;
				INFOPLIST_FILE = SimpleNeteaseMusic/Info.plist;
				LD_RUNPATH_SEARCH_PATHS = (
					"$(inherited)",
					"@executable_path/Frameworks",
				);
				PRODUCT_BUNDLE_IDENTIFIER = com.snailgames.SimpleNeteaseMusic;
				PRODUCT_NAME = "$(TARGET_NAME)";
				PROVISIONING_PROFILE_SPECIFIER = UniversalUSAEntDis_snailgames;
				SWIFT_VERSION = 5.0;
				TARGETED_DEVICE_FAMILY = "1,2";
			};
			name = Release;
		};
/* End XCBuildConfiguration section */

/* Begin XCConfigurationList section */
		E57D871F250B59680030B0FF /* Build configuration list for PBXProject "SimpleNeteaseMusic" */ = {
			isa = XCConfigurationList;
			buildConfigurations = (
				E57D8736250B596C0030B0FF /* Debug */,
				E57D8737250B596C0030B0FF /* Release */,
			);
			defaultConfigurationIsVisible = 0;
			defaultConfigurationName = Release;
		};
		E57D8738250B596C0030B0FF /* Build configuration list for PBXNativeTarget "SimpleNeteaseMusic" */ = {
			isa = XCConfigurationList;
			buildConfigurations = (
				E57D8739250B596C0030B0FF /* Debug */,
				E57D873A250B596C0030B0FF /* Release */,
			);
			defaultConfigurationIsVisible = 0;
			defaultConfigurationName = Release;
		};
/* End XCConfigurationList section */
	};
	rootObject = E57D871C250B59680030B0FF /* Project object */;
}
